// !$*UTF8*$!
{
	archiveVersion = 1;
	classes = {
	};
	objectVersion = 46;
	objects = {

/* Begin PBXBuildFile section */
		25E760301E54B0BD0091A40A /* AppDelegate.swift in Sources */ = {isa = PBXBuildFile; fileRef = 25E7602F1E54B0BD0091A40A /* AppDelegate.swift */; };
		25E760321E54B0BD0091A40A /* ViewController.swift in Sources */ = {isa = PBXBuildFile; fileRef = 25E760311E54B0BD0091A40A /* ViewController.swift */; };
		25E760351E54B0BD0091A40A /* Main.storyboard in Resources */ = {isa = PBXBuildFile; fileRef = 25E760331E54B0BD0091A40A /* Main.storyboard */; };
		25E760371E54B0BD0091A40A /* Assets.xcassets in Resources */ = {isa = PBXBuildFile; fileRef = 25E760361E54B0BD0091A40A /* Assets.xcassets */; };
		25E7603A1E54B0BD0091A40A /* LaunchScreen.storyboard in Resources */ = {isa = PBXBuildFile; fileRef = 25E760381E54B0BD0091A40A /* LaunchScreen.storyboard */; };
		25E760451E54B0BE0091A40A /* AlamofireImageCachingTests.swift in Sources */ = {isa = PBXBuildFile; fileRef = 25E760441E54B0BE0091A40A /* AlamofireImageCachingTests.swift */; };
		25E760501E54B0BE0091A40A /* AlamofireImageCachingUITests.swift in Sources */ = {isa = PBXBuildFile; fileRef = 25E7604F1E54B0BE0091A40A /* AlamofireImageCachingUITests.swift */; };
		25E7605E1E54B0CA0091A40A /* MainCollectionViewCell.swift in Sources */ = {isa = PBXBuildFile; fileRef = 25E7605D1E54B0CA0091A40A /* MainCollectionViewCell.swift */; };
		30A2A8875463FB8DC0E0088B /* Pods_AlamofireImageCachingTests.framework in Frameworks */ = {isa = PBXBuildFile; fileRef = A3D861ED45FD5A3B303588AF /* Pods_AlamofireImageCachingTests.framework */; };
		61970F20CA2A19D0C1F48E9E /* Pods_AlamofireImageCachingUITests.framework in Frameworks */ = {isa = PBXBuildFile; fileRef = 5DFA3F09B212E4B500715316 /* Pods_AlamofireImageCachingUITests.framework */; };
		A1E8C52B485392433A42CD0E /* Pods_AlamofireImageCaching.framework in Frameworks */ = {isa = PBXBuildFile; fileRef = C9113B42903D754AB0E69900 /* Pods_AlamofireImageCaching.framework */; };
/* End PBXBuildFile section */

/* Begin PBXContainerItemProxy section */
		25E760411E54B0BE0091A40A /* PBXContainerItemProxy */ = {
			isa = PBXContainerItemProxy;
			containerPortal = 25E760241E54B0BD0091A40A /* Project object */;
			proxyType = 1;
			remoteGlobalIDString = 25E7602B1E54B0BD0091A40A;
			remoteInfo = AlamofireImageCaching;
		};
		25E7604C1E54B0BE0091A40A /* PBXContainerItemProxy */ = {
			isa = PBXContainerItemProxy;
			containerPortal = 25E760241E54B0BD0091A40A /* Project object */;
			proxyType = 1;
			remoteGlobalIDString = 25E7602B1E54B0BD0091A40A;
			remoteInfo = AlamofireImageCaching;
		};
/* End PBXContainerItemProxy section */

/* Begin PBXFileReference section */
		1F434EAB5A983870352D8897 /* Pods-AlamofireImageCachingUITests.debug.xcconfig */ = {isa = PBXFileReference; includeInIndex = 1; lastKnownFileType = text.xcconfig; name = "Pods-AlamofireImageCachingUITests.debug.xcconfig"; path = "Pods/Target Support Files/Pods-AlamofireImageCachingUITests/Pods-AlamofireImageCachingUITests.debug.xcconfig"; sourceTree = "<group>"; };
		25E7602C1E54B0BD0091A40A /* AlamofireImageCaching.app */ = {isa = PBXFileReference; explicitFileType = wrapper.application; includeInIndex = 0; path = AlamofireImageCaching.app; sourceTree = BUILT_PRODUCTS_DIR; };
		25E7602F1E54B0BD0091A40A /* AppDelegate.swift */ = {isa = PBXFileReference; lastKnownFileType = sourcecode.swift; path = AppDelegate.swift; sourceTree = "<group>"; };
		25E760311E54B0BD0091A40A /* ViewController.swift */ = {isa = PBXFileReference; lastKnownFileType = sourcecode.swift; path = ViewController.swift; sourceTree = "<group>"; };
		25E760341E54B0BD0091A40A /* Base */ = {isa = PBXFileReference; lastKnownFileType = file.storyboard; name = Base; path = Base.lproj/Main.storyboard; sourceTree = "<group>"; };
		25E760361E54B0BD0091A40A /* Assets.xcassets */ = {isa = PBXFileReference; lastKnownFileType = folder.assetcatalog; path = Assets.xcassets; sourceTree = "<group>"; };
		25E760391E54B0BD0091A40A /* Base */ = {isa = PBXFileReference; lastKnownFileType = file.storyboard; name = Base; path = Base.lproj/LaunchScreen.storyboard; sourceTree = "<group>"; };
		25E7603B1E54B0BD0091A40A /* Info.plist */ = {isa = PBXFileReference; lastKnownFileType = text.plist.xml; path = Info.plist; sourceTree = "<group>"; };
		25E760401E54B0BE0091A40A /* AlamofireImageCachingTests.xctest */ = {isa = PBXFileReference; explicitFileType = wrapper.cfbundle; includeInIndex = 0; path = AlamofireImageCachingTests.xctest; sourceTree = BUILT_PRODUCTS_DIR; };
		25E760441E54B0BE0091A40A /* AlamofireImageCachingTests.swift */ = {isa = PBXFileReference; lastKnownFileType = sourcecode.swift; path = AlamofireImageCachingTests.swift; sourceTree = "<group>"; };
		25E760461E54B0BE0091A40A /* Info.plist */ = {isa = PBXFileReference; lastKnownFileType = text.plist.xml; path = Info.plist; sourceTree = "<group>"; };
		25E7604B1E54B0BE0091A40A /* AlamofireImageCachingUITests.xctest */ = {isa = PBXFileReference; explicitFileType = wrapper.cfbundle; includeInIndex = 0; path = AlamofireImageCachingUITests.xctest; sourceTree = BUILT_PRODUCTS_DIR; };
		25E7604F1E54B0BE0091A40A /* AlamofireImageCachingUITests.swift */ = {isa = PBXFileReference; lastKnownFileType = sourcecode.swift; path = AlamofireImageCachingUITests.swift; sourceTree = "<group>"; };
		25E760511E54B0BE0091A40A /* Info.plist */ = {isa = PBXFileReference; lastKnownFileType = text.plist.xml; path = Info.plist; sourceTree = "<group>"; };
		25E7605D1E54B0CA0091A40A /* MainCollectionViewCell.swift */ = {isa = PBXFileReference; fileEncoding = 4; lastKnownFileType = sourcecode.swift; path = MainCollectionViewCell.swift; sourceTree = "<group>"; };
		2B1027FC9B08FF78BEC56148 /* Pods-AlamofireImageCachingUITests.release.xcconfig */ = {isa = PBXFileReference; includeInIndex = 1; lastKnownFileType = text.xcconfig; name = "Pods-AlamofireImageCachingUITests.release.xcconfig"; path = "Pods/Target Support Files/Pods-AlamofireImageCachingUITests/Pods-AlamofireImageCachingUITests.release.xcconfig"; sourceTree = "<group>"; };
		5D22D3C551F3135852A3EF27 /* Pods-AlamofireImageCaching.release.xcconfig */ = {isa = PBXFileReference; includeInIndex = 1; lastKnownFileType = text.xcconfig; name = "Pods-AlamofireImageCaching.release.xcconfig"; path = "Pods/Target Support Files/Pods-AlamofireImageCaching/Pods-AlamofireImageCaching.release.xcconfig"; sourceTree = "<group>"; };
		5DFA3F09B212E4B500715316 /* Pods_AlamofireImageCachingUITests.framework */ = {isa = PBXFileReference; explicitFileType = wrapper.framework; includeInIndex = 0; path = Pods_AlamofireImageCachingUITests.framework; sourceTree = BUILT_PRODUCTS_DIR; };
		9994A5D9BE2C008DE0E83930 /* Pods-AlamofireImageCachingTests.debug.xcconfig */ = {isa = PBXFileReference; includeInIndex = 1; lastKnownFileType = text.xcconfig; name = "Pods-AlamofireImageCachingTests.debug.xcconfig"; path = "Pods/Target Support Files/Pods-AlamofireImageCachingTests/Pods-AlamofireImageCachingTests.debug.xcconfig"; sourceTree = "<group>"; };
		A3D861ED45FD5A3B303588AF /* Pods_AlamofireImageCachingTests.framework */ = {isa = PBXFileReference; explicitFileType = wrapper.framework; includeInIndex = 0; path = Pods_AlamofireImageCachingTests.framework; sourceTree = BUILT_PRODUCTS_DIR; };
		C9113B42903D754AB0E69900 /* Pods_AlamofireImageCaching.framework */ = {isa = PBXFileReference; explicitFileType = wrapper.framework; includeInIndex = 0; path = Pods_AlamofireImageCaching.framework; sourceTree = BUILT_PRODUCTS_DIR; };
		E6094652449F115628E3F8B6 /* Pods-AlamofireImageCaching.debug.xcconfig */ = {isa = PBXFileReference; includeInIndex = 1; lastKnownFileType = text.xcconfig; name = "Pods-AlamofireImageCaching.debug.xcconfig"; path = "Pods/Target Support Files/Pods-AlamofireImageCaching/Pods-AlamofireImageCaching.debug.xcconfig"; sourceTree = "<group>"; };
		F80B7D04D01BC36B87DCA5F2 /* Pods-AlamofireImageCachingTests.release.xcconfig */ = {isa = PBXFileReference; includeInIndex = 1; lastKnownFileType = text.xcconfig; name = "Pods-AlamofireImageCachingTests.release.xcconfig"; path = "Pods/Target Support Files/Pods-AlamofireImageCachingTests/Pods-AlamofireImageCachingTests.release.xcconfig"; sourceTree = "<group>"; };
/* End PBXFileReference section */

/* Begin PBXFrameworksBuildPhase section */
		25E760291E54B0BD0091A40A /* Frameworks */ = {
			isa = PBXFrameworksBuildPhase;
			buildActionMask = 2147483647;
			files = (
				A1E8C52B485392433A42CD0E /* Pods_AlamofireImageCaching.framework in Frameworks */,
			);
			runOnlyForDeploymentPostprocessing = 0;
		};
		25E7603D1E54B0BE0091A40A /* Frameworks */ = {
			isa = PBXFrameworksBuildPhase;
			buildActionMask = 2147483647;
			files = (
				30A2A8875463FB8DC0E0088B /* Pods_AlamofireImageCachingTests.framework in Frameworks */,
			);
			runOnlyForDeploymentPostprocessing = 0;
		};
		25E760481E54B0BE0091A40A /* Frameworks */ = {
			isa = PBXFrameworksBuildPhase;
			buildActionMask = 2147483647;
			files = (
				61970F20CA2A19D0C1F48E9E /* Pods_AlamofireImageCachingUITests.framework in Frameworks */,
			);
			runOnlyForDeploymentPostprocessing = 0;
		};
/* End PBXFrameworksBuildPhase section */

/* Begin PBXGroup section */
		25E760231E54B0BD0091A40A = {
			isa = PBXGroup;
			children = (
				25E7602E1E54B0BD0091A40A /* AlamofireImageCaching */,
				25E760431E54B0BE0091A40A /* AlamofireImageCachingTests */,
				25E7604E1E54B0BE0091A40A /* AlamofireImageCachingUITests */,
				25E7602D1E54B0BD0091A40A /* Products */,
				79275C0ECA98FDE84D0E9022 /* Pods */,
				744E86770BB70785805D9127 /* Frameworks */,
			);
			sourceTree = "<group>";
		};
		25E7602D1E54B0BD0091A40A /* Products */ = {
			isa = PBXGroup;
			children = (
				25E7602C1E54B0BD0091A40A /* AlamofireImageCaching.app */,
				25E760401E54B0BE0091A40A /* AlamofireImageCachingTests.xctest */,
				25E7604B1E54B0BE0091A40A /* AlamofireImageCachingUITests.xctest */,
			);
			name = Products;
			sourceTree = "<group>";
		};
		25E7602E1E54B0BD0091A40A /* AlamofireImageCaching */ = {
			isa = PBXGroup;
			children = (
				25E7602F1E54B0BD0091A40A /* AppDelegate.swift */,
				25E760311E54B0BD0091A40A /* ViewController.swift */,
				25E7605D1E54B0CA0091A40A /* MainCollectionViewCell.swift */,
				25E760331E54B0BD0091A40A /* Main.storyboard */,
				25E760361E54B0BD0091A40A /* Assets.xcassets */,
				25E760381E54B0BD0091A40A /* LaunchScreen.storyboard */,
				25E7603B1E54B0BD0091A40A /* Info.plist */,
			);
			path = AlamofireImageCaching;
			sourceTree = "<group>";
		};
		25E760431E54B0BE0091A40A /* AlamofireImageCachingTests */ = {
			isa = PBXGroup;
			children = (
				25E760441E54B0BE0091A40A /* AlamofireImageCachingTests.swift */,
				25E760461E54B0BE0091A40A /* Info.plist */,
			);
			path = AlamofireImageCachingTests;
			sourceTree = "<group>";
		};
		25E7604E1E54B0BE0091A40A /* AlamofireImageCachingUITests */ = {
			isa = PBXGroup;
			children = (
				25E7604F1E54B0BE0091A40A /* AlamofireImageCachingUITests.swift */,
				25E760511E54B0BE0091A40A /* Info.plist */,
			);
			path = AlamofireImageCachingUITests;
			sourceTree = "<group>";
		};
		744E86770BB70785805D9127 /* Frameworks */ = {
			isa = PBXGroup;
			children = (
				C9113B42903D754AB0E69900 /* Pods_AlamofireImageCaching.framework */,
				A3D861ED45FD5A3B303588AF /* Pods_AlamofireImageCachingTests.framework */,
				5DFA3F09B212E4B500715316 /* Pods_AlamofireImageCachingUITests.framework */,
			);
			name = Frameworks;
			sourceTree = "<group>";
		};
		79275C0ECA98FDE84D0E9022 /* Pods */ = {
			isa = PBXGroup;
			children = (
				E6094652449F115628E3F8B6 /* Pods-AlamofireImageCaching.debug.xcconfig */,
				5D22D3C551F3135852A3EF27 /* Pods-AlamofireImageCaching.release.xcconfig */,
				9994A5D9BE2C008DE0E83930 /* Pods-AlamofireImageCachingTests.debug.xcconfig */,
				F80B7D04D01BC36B87DCA5F2 /* Pods-AlamofireImageCachingTests.release.xcconfig */,
				1F434EAB5A983870352D8897 /* Pods-AlamofireImageCachingUITests.debug.xcconfig */,
				2B1027FC9B08FF78BEC56148 /* Pods-AlamofireImageCachingUITests.release.xcconfig */,
			);
			name = Pods;
			sourceTree = "<group>";
		};
/* End PBXGroup section */

/* Begin PBXNativeTarget section */
		25E7602B1E54B0BD0091A40A /* AlamofireImageCaching */ = {
			isa = PBXNativeTarget;
			buildConfigurationList = 25E760541E54B0BE0091A40A /* Build configuration list for PBXNativeTarget "AlamofireImageCaching" */;
			buildPhases = (
				215C2B653A5BFD326A428005 /* [CP] Check Pods Manifest.lock */,
				25E760281E54B0BD0091A40A /* Sources */,
				25E760291E54B0BD0091A40A /* Frameworks */,
				25E7602A1E54B0BD0091A40A /* Resources */,
				6D2CA4B8E02CB8F50D4A7A56 /* [CP] Embed Pods Frameworks */,
				197D3FDF3048B17010192EF6 /* [CP] Copy Pods Resources */,
			);
			buildRules = (
			);
			dependencies = (
			);
			name = AlamofireImageCaching;
			productName = AlamofireImageCaching;
			productReference = 25E7602C1E54B0BD0091A40A /* AlamofireImageCaching.app */;
			productType = "com.apple.product-type.application";
		};
		25E7603F1E54B0BE0091A40A /* AlamofireImageCachingTests */ = {
			isa = PBXNativeTarget;
			buildConfigurationList = 25E760571E54B0BE0091A40A /* Build configuration list for PBXNativeTarget "AlamofireImageCachingTests" */;
			buildPhases = (
				04FC01BAD858B0B6F45746EC /* [CP] Check Pods Manifest.lock */,
				25E7603C1E54B0BE0091A40A /* Sources */,
				25E7603D1E54B0BE0091A40A /* Frameworks */,
				25E7603E1E54B0BE0091A40A /* Resources */,
				1A1677C3A602C623B71DD583 /* [CP] Embed Pods Frameworks */,
				7CEC5B2FBD13CBF1DDCA6527 /* [CP] Copy Pods Resources */,
			);
			buildRules = (
			);
			dependencies = (
				25E760421E54B0BE0091A40A /* PBXTargetDependency */,
			);
			name = AlamofireImageCachingTests;
			productName = AlamofireImageCachingTests;
			productReference = 25E760401E54B0BE0091A40A /* AlamofireImageCachingTests.xctest */;
			productType = "com.apple.product-type.bundle.unit-test";
		};
		25E7604A1E54B0BE0091A40A /* AlamofireImageCachingUITests */ = {
			isa = PBXNativeTarget;
			buildConfigurationList = 25E7605A1E54B0BE0091A40A /* Build configuration list for PBXNativeTarget "AlamofireImageCachingUITests" */;
			buildPhases = (
				A998BA19D5D5551EDD4F0BC7 /* [CP] Check Pods Manifest.lock */,
				25E760471E54B0BE0091A40A /* Sources */,
				25E760481E54B0BE0091A40A /* Frameworks */,
				25E760491E54B0BE0091A40A /* Resources */,
				55A93681662F7E6E7401CD9F /* [CP] Embed Pods Frameworks */,
				086607255ED352DE3CE28CDB /* [CP] Copy Pods Resources */,
			);
			buildRules = (
			);
			dependencies = (
				25E7604D1E54B0BE0091A40A /* PBXTargetDependency */,
			);
			name = AlamofireImageCachingUITests;
			productName = AlamofireImageCachingUITests;
			productReference = 25E7604B1E54B0BE0091A40A /* AlamofireImageCachingUITests.xctest */;
			productType = "com.apple.product-type.bundle.ui-testing";
		};
/* End PBXNativeTarget section */

/* Begin PBXProject section */
		25E760241E54B0BD0091A40A /* Project object */ = {
			isa = PBXProject;
			attributes = {
				LastSwiftUpdateCheck = 0820;
				LastUpgradeCheck = 0820;
				ORGANIZATIONNAME = kennybatista;
				TargetAttributes = {
					25E7602B1E54B0BD0091A40A = {
						CreatedOnToolsVersion = 8.2.1;
						DevelopmentTeam = RL292UUN9S;
						ProvisioningStyle = Automatic;
					};
					25E7603F1E54B0BE0091A40A = {
						CreatedOnToolsVersion = 8.2.1;
						DevelopmentTeam = RL292UUN9S;
						ProvisioningStyle = Automatic;
						TestTargetID = 25E7602B1E54B0BD0091A40A;
					};
					25E7604A1E54B0BE0091A40A = {
						CreatedOnToolsVersion = 8.2.1;
						DevelopmentTeam = RL292UUN9S;
						ProvisioningStyle = Automatic;
						TestTargetID = 25E7602B1E54B0BD0091A40A;
					};
				};
			};
			buildConfigurationList = 25E760271E54B0BD0091A40A /* Build configuration list for PBXProject "AlamofireImageCaching" */;
			compatibilityVersion = "Xcode 3.2";
			developmentRegion = English;
			hasScannedForEncodings = 0;
			knownRegions = (
				en,
				Base,
			);
			mainGroup = 25E760231E54B0BD0091A40A;
			productRefGroup = 25E7602D1E54B0BD0091A40A /* Products */;
			projectDirPath = "";
			projectRoot = "";
			targets = (
				25E7602B1E54B0BD0091A40A /* AlamofireImageCaching */,
				25E7603F1E54B0BE0091A40A /* AlamofireImageCachingTests */,
				25E7604A1E54B0BE0091A40A /* AlamofireImageCachingUITests */,
			);
		};
/* End PBXProject section */

/* Begin PBXResourcesBuildPhase section */
		25E7602A1E54B0BD0091A40A /* Resources */ = {
			isa = PBXResourcesBuildPhase;
			buildActionMask = 2147483647;
			files = (
				25E7603A1E54B0BD0091A40A /* LaunchScreen.storyboard in Resources */,
				25E760371E54B0BD0091A40A /* Assets.xcassets in Resources */,
				25E760351E54B0BD0091A40A /* Main.storyboard in Resources */,
			);
			runOnlyForDeploymentPostprocessing = 0;
		};
		25E7603E1E54B0BE0091A40A /* Resources */ = {
			isa = PBXResourcesBuildPhase;
			buildActionMask = 2147483647;
			files = (
			);
			runOnlyForDeploymentPostprocessing = 0;
		};
		25E760491E54B0BE0091A40A /* Resources */ = {
			isa = PBXResourcesBuildPhase;
			buildActionMask = 2147483647;
			files = (
			);
			runOnlyForDeploymentPostprocessing = 0;
		};
/* End PBXResourcesBuildPhase section */

/* Begin PBXShellScriptBuildPhase section */
		04FC01BAD858B0B6F45746EC /* [CP] Check Pods Manifest.lock */ = {
			isa = PBXShellScriptBuildPhase;
			buildActionMask = 2147483647;
			files = (
			);
			inputPaths = (
			);
			name = "[CP] Check Pods Manifest.lock";
			outputPaths = (
			);
			runOnlyForDeploymentPostprocessing = 0;
			shellPath = /bin/sh;
			shellScript = "diff \"${PODS_ROOT}/../Podfile.lock\" \"${PODS_ROOT}/Manifest.lock\" > /dev/null\nif [ $? != 0 ] ; then\n    # print error to STDERR\n    echo \"error: The sandbox is not in sync with the Podfile.lock. Run 'pod install' or update your CocoaPods installation.\" >&2\n    exit 1\nfi\n";
			showEnvVarsInLog = 0;
		};
		086607255ED352DE3CE28CDB /* [CP] Copy Pods Resources */ = {
			isa = PBXShellScriptBuildPhase;
			buildActionMask = 2147483647;
			files = (
			);
			inputPaths = (
			);
			name = "[CP] Copy Pods Resources";
			outputPaths = (
			);
			runOnlyForDeploymentPostprocessing = 0;
			shellPath = /bin/sh;
			shellScript = "\"${SRCROOT}/Pods/Target Support Files/Pods-AlamofireImageCachingUITests/Pods-AlamofireImageCachingUITests-resources.sh\"\n";
			showEnvVarsInLog = 0;
		};
		197D3FDF3048B17010192EF6 /* [CP] Copy Pods Resources */ = {
			isa = PBXShellScriptBuildPhase;
			buildActionMask = 2147483647;
			files = (
			);
			inputPaths = (
			);
			name = "[CP] Copy Pods Resources";
			outputPaths = (
			);
			runOnlyForDeploymentPostprocessing = 0;
			shellPath = /bin/sh;
			shellScript = "\"${SRCROOT}/Pods/Target Support Files/Pods-AlamofireImageCaching/Pods-AlamofireImageCaching-resources.sh\"\n";
			showEnvVarsInLog = 0;
		};
		1A1677C3A602C623B71DD583 /* [CP] Embed Pods Frameworks */ = {
			isa = PBXShellScriptBuildPhase;
			buildActionMask = 2147483647;
			files = (
			);
			inputPaths = (
			);
			name = "[CP] Embed Pods Frameworks";
			outputPaths = (
			);
			runOnlyForDeploymentPostprocessing = 0;
			shellPath = /bin/sh;
			shellScript = "\"${SRCROOT}/Pods/Target Support Files/Pods-AlamofireImageCachingTests/Pods-AlamofireImageCachingTests-frameworks.sh\"\n";
			showEnvVarsInLog = 0;
		};
		215C2B653A5BFD326A428005 /* [CP] Check Pods Manifest.lock */ = {
			isa = PBXShellScriptBuildPhase;
			buildActionMask = 2147483647;
			files = (
			);
			inputPaths = (
			);
			name = "[CP] Check Pods Manifest.lock";
			outputPaths = (
			);
			runOnlyForDeploymentPostprocessing = 0;
			shellPath = /bin/sh;
			shellScript = "diff \"${PODS_ROOT}/../Podfile.lock\" \"${PODS_ROOT}/Manifest.lock\" > /dev/null\nif [ $? != 0 ] ; then\n    # print error to STDERR\n    echo \"error: The sandbox is not in sync with the Podfile.lock. Run 'pod install' or update your CocoaPods installation.\" >&2\n    exit 1\nfi\n";
			showEnvVarsInLog = 0;
		};
		55A93681662F7E6E7401CD9F /* [CP] Embed Pods Frameworks */ = {
			isa = PBXShellScriptBuildPhase;
			buildActionMask = 2147483647;
			files = (
			);
			inputPaths = (
			);
			name = "[CP] Embed Pods Frameworks";
			outputPaths = (
			);
			runOnlyForDeploymentPostprocessing = 0;
			shellPath = /bin/sh;
			shellScript = "\"${SRCROOT}/Pods/Target Support Files/Pods-AlamofireImageCachingUITests/Pods-AlamofireImageCachingUITests-frameworks.sh\"\n";
			showEnvVarsInLog = 0;
		};
		6D2CA4B8E02CB8F50D4A7A56 /* [CP] Embed Pods Frameworks */ = {
			isa = PBXShellScriptBuildPhase;
			buildActionMask = 2147483647;
			files = (
			);
			inputPaths = (
			);
			name = "[CP] Embed Pods Frameworks";
			outputPaths = (
			);
			runOnlyForDeploymentPostprocessing = 0;
			shellPath = /bin/sh;
			shellScript = "\"${SRCROOT}/Pods/Target Support Files/Pods-AlamofireImageCaching/Pods-AlamofireImageCaching-frameworks.sh\"\n";
			showEnvVarsInLog = 0;
		};
		7CEC5B2FBD13CBF1DDCA6527 /* [CP] Copy Pods Resources */ = {
			isa = PBXShellScriptBuildPhase;
			buildActionMask = 2147483647;
			files = (
			);
			inputPaths = (
			);
			name = "[CP] Copy Pods Resources";
			outputPaths = (
			);
			runOnlyForDeploymentPostprocessing = 0;
			shellPath = /bin/sh;
			shellScript = "\"${SRCROOT}/Pods/Target Support Files/Pods-AlamofireImageCachingTests/Pods-AlamofireImageCachingTests-resources.sh\"\n";
			showEnvVarsInLog = 0;
		};
		A998BA19D5D5551EDD4F0BC7 /* [CP] Check Pods Manifest.lock */ = {
			isa = PBXShellScriptBuildPhase;
			buildActionMask = 2147483647;
			files = (
			);
			inputPaths = (
			);
			name = "[CP] Check Pods Manifest.lock";
			outputPaths = (
			);
			runOnlyForDeploymentPostprocessing = 0;
			shellPath = /bin/sh;
			shellScript = "diff \"${PODS_ROOT}/../Podfile.lock\" \"${PODS_ROOT}/Manifest.lock\" > /dev/null\nif [ $? != 0 ] ; then\n    # print error to STDERR\n    echo \"error: The sandbox is not in sync with the Podfile.lock. Run 'pod install' or update your CocoaPods installation.\" >&2\n    exit 1\nfi\n";
			showEnvVarsInLog = 0;
		};
/* End PBXShellScriptBuildPhase section */

/* Begin PBXSourcesBuildPhase section */
		25E760281E54B0BD0091A40A /* Sources */ = {
			isa = PBXSourcesBuildPhase;
			buildActionMask = 2147483647;
			files = (
				25E760321E54B0BD0091A40A /* ViewController.swift in Sources */,
				25E7605E1E54B0CA0091A40A /* MainCollectionViewCell.swift in Sources */,
				25E760301E54B0BD0091A40A /* AppDelegate.swift in Sources */,
			);
			runOnlyForDeploymentPostprocessing = 0;
		};
		25E7603C1E54B0BE0091A40A /* Sources */ = {
			isa = PBXSourcesBuildPhase;
			buildActionMask = 2147483647;
			files = (
				25E760451E54B0BE0091A40A /* AlamofireImageCachingTests.swift in Sources */,
			);
			runOnlyForDeploymentPostprocessing = 0;
		};
		25E760471E54B0BE0091A40A /* Sources */ = {
			isa = PBXSourcesBuildPhase;
			buildActionMask = 2147483647;
			files = (
				25E760501E54B0BE0091A40A /* AlamofireImageCachingUITests.swift in Sources */,
			);
			runOnlyForDeploymentPostprocessing = 0;
		};
/* End PBXSourcesBuildPhase section */

/* Begin PBXTargetDependency section */
		25E760421E54B0BE0091A40A /* PBXTargetDependency */ = {
			isa = PBXTargetDependency;
			target = 25E7602B1E54B0BD0091A40A /* AlamofireImageCaching */;
			targetProxy = 25E760411E54B0BE0091A40A /* PBXContainerItemProxy */;
		};
		25E7604D1E54B0BE0091A40A /* PBXTargetDependency */ = {
			isa = PBXTargetDependency;
			target = 25E7602B1E54B0BD0091A40A /* AlamofireImageCaching */;
			targetProxy = 25E7604C1E54B0BE0091A40A /* PBXContainerItemProxy */;
		};
/* End PBXTargetDependency section */

/* Begin PBXVariantGroup section */
		25E760331E54B0BD0091A40A /* Main.storyboard */ = {
			isa = PBXVariantGroup;
			children = (
				25E760341E54B0BD0091A40A /* Base */,
			);
			name = Main.storyboard;
			sourceTree = "<group>";
		};
		25E760381E54B0BD0091A40A /* LaunchScreen.storyboard */ = {
			isa = PBXVariantGroup;
			children = (
				25E760391E54B0BD0091A40A /* Base */,
			);
			name = LaunchScreen.storyboard;
			sourceTree = "<group>";
		};
/* End PBXVariantGroup section */

/* Begin XCBuildConfiguration section */
		25E760521E54B0BE0091A40A /* Debug */ = {
			isa = XCBuildConfiguration;
			buildSettings = {
				ALWAYS_SEARCH_USER_PATHS = NO;
				CLANG_ANALYZER_NONNULL = YES;
				CLANG_CXX_LANGUAGE_STANDARD = "gnu++0x";
				CLANG_CXX_LIBRARY = "libc++";
				CLANG_ENABLE_MODULES = YES;
				CLANG_ENABLE_OBJC_ARC = YES;
				CLANG_WARN_BOOL_CONVERSION = YES;
				CLANG_WARN_CONSTANT_CONVERSION = YES;
				CLANG_WARN_DIRECT_OBJC_ISA_USAGE = YES_ERROR;
				CLANG_WARN_DOCUMENTATION_COMMENTS = YES;
				CLANG_WARN_EMPTY_BODY = YES;
				CLANG_WARN_ENUM_CONVERSION = YES;
				CLANG_WARN_INFINITE_RECURSION = YES;
				CLANG_WARN_INT_CONVERSION = YES;
				CLANG_WARN_OBJC_ROOT_CLASS = YES_ERROR;
				CLANG_WARN_SUSPICIOUS_MOVE = YES;
				CLANG_WARN_UNREACHABLE_CODE = YES;
				CLANG_WARN__DUPLICATE_METHOD_MATCH = YES;
				"CODE_SIGN_IDENTITY[sdk=iphoneos*]" = "iPhone Developer";
				COPY_PHASE_STRIP = NO;
				DEBUG_INFORMATION_FORMAT = dwarf;
				ENABLE_STRICT_OBJC_MSGSEND = YES;
				ENABLE_TESTABILITY = YES;
				GCC_C_LANGUAGE_STANDARD = gnu99;
				GCC_DYNAMIC_NO_PIC = NO;
				GCC_NO_COMMON_BLOCKS = YES;
				GCC_OPTIMIZATION_LEVEL = 0;
				GCC_PREPROCESSOR_DEFINITIONS = (
					"DEBUG=1",
					"$(inherited)",
				);
				GCC_WARN_64_TO_32_BIT_CONVERSION = YES;
				GCC_WARN_ABOUT_RETURN_TYPE = YES_ERROR;
				GCC_WARN_UNDECLARED_SELECTOR = YES;
				GCC_WARN_UNINITIALIZED_AUTOS = YES_AGGRESSIVE;
				GCC_WARN_UNUSED_FUNCTION = YES;
				GCC_WARN_UNUSED_VARIABLE = YES;
				IPHONEOS_DEPLOYMENT_TARGET = 10.2;
				MTL_ENABLE_DEBUG_INFO = YES;
				ONLY_ACTIVE_ARCH = YES;
				SDKROOT = iphoneos;
				SWIFT_ACTIVE_COMPILATION_CONDITIONS = DEBUG;
				SWIFT_OPTIMIZATION_LEVEL = "-Onone";
				TARGETED_DEVICE_FAMILY = "1,2";
			};
			name = Debug;
		};
		25E760531E54B0BE0091A40A /* Release */ = {
			isa = XCBuildConfiguration;
			buildSettings = {
				ALWAYS_SEARCH_USER_PATHS = NO;
				CLANG_ANALYZER_NONNULL = YES;
				CLANG_CXX_LANGUAGE_STANDARD = "gnu++0x";
				CLANG_CXX_LIBRARY = "libc++";
				CLANG_ENABLE_MODULES = YES;
				CLANG_ENABLE_OBJC_ARC = YES;
				CLANG_WARN_BOOL_CONVERSION = YES;
				CLANG_WARN_CONSTANT_CONVERSION = YES;
				CLANG_WARN_DIRECT_OBJC_ISA_USAGE = YES_ERROR;
				CLANG_WARN_DOCUMENTATION_COMMENTS = YES;
				CLANG_WARN_EMPTY_BODY = YES;
				CLANG_WARN_ENUM_CONVERSION = YES;
				CLANG_WARN_INFINITE_RECURSION = YES;
				CLANG_WARN_INT_CONVERSION = YES;
				CLANG_WARN_OBJC_ROOT_CLASS = YES_ERROR;
				CLANG_WARN_SUSPICIOUS_MOVE = YES;
				CLANG_WARN_UNREACHABLE_CODE = YES;
				CLANG_WARN__DUPLICATE_METHOD_MATCH = YES;
				"CODE_SIGN_IDENTITY[sdk=iphoneos*]" = "iPhone Developer";
				COPY_PHASE_STRIP = NO;
				DEBUG_INFORMATION_FORMAT = "dwarf-with-dsym";
				ENABLE_NS_ASSERTIONS = NO;
				ENABLE_STRICT_OBJC_MSGSEND = YES;
				GCC_C_LANGUAGE_STANDARD = gnu99;
				GCC_NO_COMMON_BLOCKS = YES;
				GCC_WARN_64_TO_32_BIT_CONVERSION = YES;
				GCC_WARN_ABOUT_RETURN_TYPE = YES_ERROR;
				GCC_WARN_UNDECLARED_SELECTOR = YES;
				GCC_WARN_UNINITIALIZED_AUTOS = YES_AGGRESSIVE;
				GCC_WARN_UNUSED_FUNCTION = YES;
				GCC_WARN_UNUSED_VARIABLE = YES;
				IPHONEOS_DEPLOYMENT_TARGET = 10.2;
				MTL_ENABLE_DEBUG_INFO = NO;
				SDKROOT = iphoneos;
				SWIFT_OPTIMIZATION_LEVEL = "-Owholemodule";
				TARGETED_DEVICE_FAMILY = "1,2";
				VALIDATE_PRODUCT = YES;
			};
			name = Release;
		};
		25E760551E54B0BE0091A40A /* Debug */ = {
			isa = XCBuildConfiguration;
			baseConfigurationReference = E6094652449F115628E3F8B6 /* Pods-AlamofireImageCaching.debug.xcconfig */;
			buildSettings = {
				ASSETCATALOG_COMPILER_APPICON_NAME = AppIcon;
				DEVELOPMENT_TEAM = RL292UUN9S;
				INFOPLIST_FILE = AlamofireImageCaching/Info.plist;
				LD_RUNPATH_SEARCH_PATHS = "$(inherited) @executable_path/Frameworks";
				PRODUCT_BUNDLE_IDENTIFIER = kennybatista.AlamofireImageCaching;
				PRODUCT_NAME = "$(TARGET_NAME)";
				SWIFT_VERSION = 3.0;
			};
			name = Debug;
		};
		25E760561E54B0BE0091A40A /* Release */ = {
			isa = XCBuildConfiguration;
			baseConfigurationReference = 5D22D3C551F3135852A3EF27 /* Pods-AlamofireImageCaching.release.xcconfig */;
			buildSettings = {
				ASSETCATALOG_COMPILER_APPICON_NAME = AppIcon;
				DEVELOPMENT_TEAM = RL292UUN9S;
				INFOPLIST_FILE = AlamofireImageCaching/Info.plist;
				LD_RUNPATH_SEARCH_PATHS = "$(inherited) @executable_path/Frameworks";
				PRODUCT_BUNDLE_IDENTIFIER = kennybatista.AlamofireImageCaching;
				PRODUCT_NAME = "$(TARGET_NAME)";
				SWIFT_VERSION = 3.0;
			};
			name = Release;
		};
		25E760581E54B0BE0091A40A /* Debug */ = {
			isa = XCBuildConfiguration;
			baseConfigurationReference = 9994A5D9BE2C008DE0E83930 /* Pods-AlamofireImageCachingTests.debug.xcconfig */;
			buildSettings = {
				ALWAYS_EMBED_SWIFT_STANDARD_LIBRARIES = YES;
				BUNDLE_LOADER = "$(TEST_HOST)";
				DEVELOPMENT_TEAM = RL292UUN9S;
				INFOPLIST_FILE = AlamofireImageCachingTests/Info.plist;
				LD_RUNPATH_SEARCH_PATHS = "$(inherited) @executable_path/Frameworks @loader_path/Frameworks";
				PRODUCT_BUNDLE_IDENTIFIER = kennybatista.AlamofireImageCachingTests;
				PRODUCT_NAME = "$(TARGET_NAME)";
				SWIFT_VERSION = 3.0;
				TEST_HOST = "$(BUILT_PRODUCTS_DIR)/AlamofireImageCaching.app/AlamofireImageCaching";
			};
			name = Debug;
		};
		25E760591E54B0BE0091A40A /* Release */ = {
			isa = XCBuildConfiguration;
			baseConfigurationReference = F80B7D04D01BC36B87DCA5F2 /* Pods-AlamofireImageCachingTests.release.xcconfig */;
			buildSettings = {
				ALWAYS_EMBED_SWIFT_STANDARD_LIBRARIES = YES;
				BUNDLE_LOADER = "$(TEST_HOST)";
				DEVELOPMENT_TEAM = RL292UUN9S;
				INFOPLIST_FILE = AlamofireImageCachingTests/Info.plist;
				LD_RUNPATH_SEARCH_PATHS = "$(inherited) @executable_path/Frameworks @loader_path/Frameworks";
				PRODUCT_BUNDLE_IDENTIFIER = kennybatista.AlamofireImageCachingTests;
				PRODUCT_NAME = "$(TARGET_NAME)";
				SWIFT_VERSION = 3.0;
				TEST_HOST = "$(BUILT_PRODUCTS_DIR)/AlamofireImageCaching.app/AlamofireImageCaching";
			};
			name = Release;
		};
		25E7605B1E54B0BE0091A40A /* Debug */ = {
			isa = XCBuildConfiguration;
			baseConfigurationReference = 1F434EAB5A983870352D8897 /* Pods-AlamofireImageCachingUITests.debug.xcconfig */;
			buildSettings = {
				ALWAYS_EMBED_SWIFT_STANDARD_LIBRARIES = YES;
				DEVELOPMENT_TEAM = RL292UUN9S;
				INFOPLIST_FILE = AlamofireImageCachingUITests/Info.plist;
				LD_RUNPATH_SEARCH_PATHS = "$(inherited) @executable_path/Frameworks @loader_path/Frameworks";
				PRODUCT_BUNDLE_IDENTIFIER = kennybatista.AlamofireImageCachingUITests;
				PRODUCT_NAME = "$(TARGET_NAME)";
				SWIFT_VERSION = 3.0;
				TEST_TARGET_NAME = AlamofireImageCaching;
			};
			name = Debug;
		};
		25E7605C1E54B0BE0091A40A /* Release */ = {
			isa = XCBuildConfiguration;
			baseConfigurationReference = 2B1027FC9B08FF78BEC56148 /* Pods-AlamofireImageCachingUITests.release.xcconfig */;
			buildSettings = {
				ALWAYS_EMBED_SWIFT_STANDARD_LIBRARIES = YES;
				DEVELOPMENT_TEAM = RL292UUN9S;
				INFOPLIST_FILE = AlamofireImageCachingUITests/Info.plist;
				LD_RUNPATH_SEARCH_PATHS = "$(inherited) @executable_path/Frameworks @loader_path/Frameworks";
				PRODUCT_BUNDLE_IDENTIFIER = kennybatista.AlamofireImageCachingUITests;
				PRODUCT_NAME = "$(TARGET_NAME)";
				SWIFT_VERSION = 3.0;
				TEST_TARGET_NAME = AlamofireImageCaching;
			};
			name = Release;
		};
/* End XCBuildConfiguration section */

/* Begin XCConfigurationList section */
		25E760271E54B0BD0091A40A /* Build configuration list for PBXProject "AlamofireImageCaching" */ = {
			isa = XCConfigurationList;
			buildConfigurations = (
				25E760521E54B0BE0091A40A /* Debug */,
				25E760531E54B0BE0091A40A /* Release */,
			);
			defaultConfigurationIsVisible = 0;
			defaultConfigurationName = Release;
		};
		25E760541E54B0BE0091A40A /* Build configuration list for PBXNativeTarget "AlamofireImageCaching" */ = {
			isa = XCConfigurationList;
			buildConfigurations = (
				25E760551E54B0BE0091A40A /* Debug */,
				25E760561E54B0BE0091A40A /* Release */,
			);
			defaultConfigurationIsVisible = 0;
		};
		25E760571E54B0BE0091A40A /* Build configuration list for PBXNativeTarget "AlamofireImageCachingTests" */ = {
			isa = XCConfigurationList;
			buildConfigurations = (
				25E760581E54B0BE0091A40A /* Debug */,
				25E760591E54B0BE0091A40A /* Release */,
			);
			defaultConfigurationIsVisible = 0;
		};
		25E7605A1E54B0BE0091A40A /* Build configuration list for PBXNativeTarget "AlamofireImageCachingUITests" */ = {
			isa = XCConfigurationList;
			buildConfigurations = (
				25E7605B1E54B0BE0091A40A /* Debug */,
				25E7605C1E54B0BE0091A40A /* Release */,
			);
			defaultConfigurationIsVisible = 0;
		};
/* End XCConfigurationList section */
	};
	rootObject = 25E760241E54B0BD0091A40A /* Project object */;
}
