// !$*UTF8*$!
{
	archiveVersion = 1;
	classes = {
	};
	objectVersion = 46;
	objects = {

/* Begin PBXBuildFile section */
		40A435CA1E0884ED003DFDC3 /* GifParser.swift in Sources */ = {isa = PBXBuildFile; fileRef = 40A435C91E0884ED003DFDC3 /* GifParser.swift */; };
		40A435CC1E088751003DFDC3 /* AppDelegate.swift in Sources */ = {isa = PBXBuildFile; fileRef = 40A435CB1E088751003DFDC3 /* AppDelegate.swift */; };
		40A435E71E098A9F003DFDC3 /* GifTableViewCell.swift in Sources */ = {isa = PBXBuildFile; fileRef = 40A435E61E098A9F003DFDC3 /* GifTableViewCell.swift */; };
		40A436001E09A288003DFDC3 /* AnimatedFrame.swift in Sources */ = {isa = PBXBuildFile; fileRef = 40A435F31E09A288003DFDC3 /* AnimatedFrame.swift */; };
		40A436011E09A288003DFDC3 /* Animator.swift in Sources */ = {isa = PBXBuildFile; fileRef = 40A435F41E09A288003DFDC3 /* Animator.swift */; };
		40A436021E09A288003DFDC3 /* FrameStore.swift in Sources */ = {isa = PBXBuildFile; fileRef = 40A435F51E09A288003DFDC3 /* FrameStore.swift */; };
		40A436031E09A288003DFDC3 /* GIFAnimatable.swift in Sources */ = {isa = PBXBuildFile; fileRef = 40A435F61E09A288003DFDC3 /* GIFAnimatable.swift */; };
		40A436041E09A288003DFDC3 /* GIFImageView.swift in Sources */ = {isa = PBXBuildFile; fileRef = 40A435F71E09A288003DFDC3 /* GIFImageView.swift */; };
		40A436051E09A288003DFDC3 /* Array.swift in Sources */ = {isa = PBXBuildFile; fileRef = 40A435F91E09A288003DFDC3 /* Array.swift */; };
		40A436061E09A288003DFDC3 /* CGSize.swift in Sources */ = {isa = PBXBuildFile; fileRef = 40A435FA1E09A288003DFDC3 /* CGSize.swift */; };
		40A436071E09A288003DFDC3 /* UIImage.swift in Sources */ = {isa = PBXBuildFile; fileRef = 40A435FB1E09A288003DFDC3 /* UIImage.swift */; };
		40A436081E09A288003DFDC3 /* UIImageView.swift in Sources */ = {isa = PBXBuildFile; fileRef = 40A435FC1E09A288003DFDC3 /* UIImageView.swift */; };
		40A436091E09A288003DFDC3 /* ImageSourceHelpers.swift in Sources */ = {isa = PBXBuildFile; fileRef = 40A435FF1E09A288003DFDC3 /* ImageSourceHelpers.swift */; };
		40A4360B1E09AEF5003DFDC3 /* GifTableViewController.swift in Sources */ = {isa = PBXBuildFile; fileRef = 40A4360A1E09AEF5003DFDC3 /* GifTableViewController.swift */; };
		40A4360D1E09AF01003DFDC3 /* GiphyAPIClient.swift in Sources */ = {isa = PBXBuildFile; fileRef = 40A4360C1E09AF01003DFDC3 /* GiphyAPIClient.swift */; };
		555353A51A8D04D400DC19CE /* Main.storyboard in Resources */ = {isa = PBXBuildFile; fileRef = 555353A31A8D04D400DC19CE /* Main.storyboard */; };
		555353A71A8D04D400DC19CE /* Images.xcassets in Resources */ = {isa = PBXBuildFile; fileRef = 555353A61A8D04D400DC19CE /* Images.xcassets */; };
		555353AA1A8D04D400DC19CE /* LaunchScreen.xib in Resources */ = {isa = PBXBuildFile; fileRef = 555353A81A8D04D400DC19CE /* LaunchScreen.xib */; };
		555353B61A8D04D400DC19CE /* gifmeTests.m in Sources */ = {isa = PBXBuildFile; fileRef = 555353B51A8D04D400DC19CE /* gifmeTests.m */; };
/* End PBXBuildFile section */

/* Begin PBXContainerItemProxy section */
		555353B01A8D04D400DC19CE /* PBXContainerItemProxy */ = {
			isa = PBXContainerItemProxy;
			containerPortal = 5553538E1A8D04D400DC19CE /* Project object */;
			proxyType = 1;
			remoteGlobalIDString = 555353951A8D04D400DC19CE;
			remoteInfo = gifme;
		};
/* End PBXContainerItemProxy section */

/* Begin PBXFileReference section */
		40A435C91E0884ED003DFDC3 /* GifParser.swift */ = {isa = PBXFileReference; fileEncoding = 4; lastKnownFileType = sourcecode.swift; name = GifParser.swift; path = Classes/Model/GifParser.swift; sourceTree = "<group>"; };
		40A435CB1E088751003DFDC3 /* AppDelegate.swift */ = {isa = PBXFileReference; fileEncoding = 4; lastKnownFileType = sourcecode.swift; name = AppDelegate.swift; path = Classes/AppDelegate/AppDelegate.swift; sourceTree = "<group>"; };
		40A435E61E098A9F003DFDC3 /* GifTableViewCell.swift */ = {isa = PBXFileReference; fileEncoding = 4; lastKnownFileType = sourcecode.swift; name = GifTableViewCell.swift; path = Classes/Views/GifTableViewCell.swift; sourceTree = "<group>"; };
		40A435F31E09A288003DFDC3 /* AnimatedFrame.swift */ = {isa = PBXFileReference; fileEncoding = 4; lastKnownFileType = sourcecode.swift; path = AnimatedFrame.swift; sourceTree = "<group>"; };
		40A435F41E09A288003DFDC3 /* Animator.swift */ = {isa = PBXFileReference; fileEncoding = 4; lastKnownFileType = sourcecode.swift; path = Animator.swift; sourceTree = "<group>"; };
		40A435F51E09A288003DFDC3 /* FrameStore.swift */ = {isa = PBXFileReference; fileEncoding = 4; lastKnownFileType = sourcecode.swift; path = FrameStore.swift; sourceTree = "<group>"; };
		40A435F61E09A288003DFDC3 /* GIFAnimatable.swift */ = {isa = PBXFileReference; fileEncoding = 4; lastKnownFileType = sourcecode.swift; path = GIFAnimatable.swift; sourceTree = "<group>"; };
		40A435F71E09A288003DFDC3 /* GIFImageView.swift */ = {isa = PBXFileReference; fileEncoding = 4; lastKnownFileType = sourcecode.swift; path = GIFImageView.swift; sourceTree = "<group>"; };
		40A435F91E09A288003DFDC3 /* Array.swift */ = {isa = PBXFileReference; fileEncoding = 4; lastKnownFileType = sourcecode.swift; path = Array.swift; sourceTree = "<group>"; };
		40A435FA1E09A288003DFDC3 /* CGSize.swift */ = {isa = PBXFileReference; fileEncoding = 4; lastKnownFileType = sourcecode.swift; path = CGSize.swift; sourceTree = "<group>"; };
		40A435FB1E09A288003DFDC3 /* UIImage.swift */ = {isa = PBXFileReference; fileEncoding = 4; lastKnownFileType = sourcecode.swift; path = UIImage.swift; sourceTree = "<group>"; };
		40A435FC1E09A288003DFDC3 /* UIImageView.swift */ = {isa = PBXFileReference; fileEncoding = 4; lastKnownFileType = sourcecode.swift; path = UIImageView.swift; sourceTree = "<group>"; };
		40A435FD1E09A288003DFDC3 /* Gifu.h */ = {isa = PBXFileReference; fileEncoding = 4; lastKnownFileType = sourcecode.c.h; path = Gifu.h; sourceTree = "<group>"; };
		40A435FF1E09A288003DFDC3 /* ImageSourceHelpers.swift */ = {isa = PBXFileReference; fileEncoding = 4; lastKnownFileType = sourcecode.swift; path = ImageSourceHelpers.swift; sourceTree = "<group>"; };
		40A4360A1E09AEF5003DFDC3 /* GifTableViewController.swift */ = {isa = PBXFileReference; fileEncoding = 4; lastKnownFileType = sourcecode.swift; name = GifTableViewController.swift; path = Classes/GifTableViewController.swift; sourceTree = "<group>"; };
		40A4360C1E09AF01003DFDC3 /* GiphyAPIClient.swift */ = {isa = PBXFileReference; fileEncoding = 4; lastKnownFileType = sourcecode.swift; name = GiphyAPIClient.swift; path = Classes/GiphyAPIClient.swift; sourceTree = "<group>"; };
		555353961A8D04D400DC19CE /* gifme.app */ = {isa = PBXFileReference; explicitFileType = wrapper.application; includeInIndex = 0; path = gifme.app; sourceTree = BUILT_PRODUCTS_DIR; };
		5553539A1A8D04D400DC19CE /* Info.plist */ = {isa = PBXFileReference; lastKnownFileType = text.plist.xml; path = Info.plist; sourceTree = "<group>"; };
		555353A41A8D04D400DC19CE /* Base */ = {isa = PBXFileReference; lastKnownFileType = file.storyboard; name = Base; path = Base.lproj/Main.storyboard; sourceTree = "<group>"; };
		555353A61A8D04D400DC19CE /* Images.xcassets */ = {isa = PBXFileReference; lastKnownFileType = folder.assetcatalog; path = Images.xcassets; sourceTree = "<group>"; };
		555353A91A8D04D400DC19CE /* Base */ = {isa = PBXFileReference; lastKnownFileType = file.xib; name = Base; path = Base.lproj/LaunchScreen.xib; sourceTree = "<group>"; };
		555353AF1A8D04D400DC19CE /* gifmeTests.xctest */ = {isa = PBXFileReference; explicitFileType = wrapper.cfbundle; includeInIndex = 0; path = gifmeTests.xctest; sourceTree = BUILT_PRODUCTS_DIR; };
		555353B41A8D04D400DC19CE /* Info.plist */ = {isa = PBXFileReference; lastKnownFileType = text.plist.xml; path = Info.plist; sourceTree = "<group>"; };
		555353B51A8D04D400DC19CE /* gifmeTests.m */ = {isa = PBXFileReference; lastKnownFileType = sourcecode.c.objc; path = gifmeTests.m; sourceTree = "<group>"; };
/* End PBXFileReference section */

/* Begin PBXFrameworksBuildPhase section */
		555353931A8D04D400DC19CE /* Frameworks */ = {
			isa = PBXFrameworksBuildPhase;
			buildActionMask = 2147483647;
			files = (
			);
			runOnlyForDeploymentPostprocessing = 0;
		};
		555353AC1A8D04D400DC19CE /* Frameworks */ = {
			isa = PBXFrameworksBuildPhase;
			buildActionMask = 2147483647;
			files = (
			);
			runOnlyForDeploymentPostprocessing = 0;
		};
/* End PBXFrameworksBuildPhase section */

/* Begin PBXGroup section */
		40A435F11E09A288003DFDC3 /* Gifu */ = {
			isa = PBXGroup;
			children = (
				40A435F21E09A288003DFDC3 /* Classes */,
				40A435F81E09A288003DFDC3 /* Extensions */,
				40A435FD1E09A288003DFDC3 /* Gifu.h */,
				40A435FE1E09A288003DFDC3 /* Helpers */,
			);
			name = Gifu;
			path = Classes/External/Source;
			sourceTree = "<group>";
		};
		40A435F21E09A288003DFDC3 /* Classes */ = {
			isa = PBXGroup;
			children = (
				40A435F31E09A288003DFDC3 /* AnimatedFrame.swift */,
				40A435F41E09A288003DFDC3 /* Animator.swift */,
				40A435F51E09A288003DFDC3 /* FrameStore.swift */,
				40A435F61E09A288003DFDC3 /* GIFAnimatable.swift */,
				40A435F71E09A288003DFDC3 /* GIFImageView.swift */,
			);
			path = Classes;
			sourceTree = "<group>";
		};
		40A435F81E09A288003DFDC3 /* Extensions */ = {
			isa = PBXGroup;
			children = (
				40A435F91E09A288003DFDC3 /* Array.swift */,
				40A435FA1E09A288003DFDC3 /* CGSize.swift */,
				40A435FB1E09A288003DFDC3 /* UIImage.swift */,
				40A435FC1E09A288003DFDC3 /* UIImageView.swift */,
			);
			path = Extensions;
			sourceTree = "<group>";
		};
		40A435FE1E09A288003DFDC3 /* Helpers */ = {
			isa = PBXGroup;
			children = (
				40A435FF1E09A288003DFDC3 /* ImageSourceHelpers.swift */,
			);
			path = Helpers;
			sourceTree = "<group>";
		};
		5553538D1A8D04D400DC19CE = {
			isa = PBXGroup;
			children = (
				555353981A8D04D400DC19CE /* gifme */,
				555353B21A8D04D400DC19CE /* gifmeTests */,
				555353971A8D04D400DC19CE /* Products */,
			);
			sourceTree = "<group>";
		};
		555353971A8D04D400DC19CE /* Products */ = {
			isa = PBXGroup;
			children = (
				555353961A8D04D400DC19CE /* gifme.app */,
				555353AF1A8D04D400DC19CE /* gifmeTests.xctest */,
			);
			name = Products;
			sourceTree = "<group>";
		};
		555353981A8D04D400DC19CE /* gifme */ = {
			isa = PBXGroup;
			children = (
				555353BF1A8D067B00DC19CE /* Classes */,
				555353A61A8D04D400DC19CE /* Images.xcassets */,
				555353A81A8D04D400DC19CE /* LaunchScreen.xib */,
				555353991A8D04D400DC19CE /* Supporting Files */,
			);
			path = gifme;
			sourceTree = "<group>";
		};
		555353991A8D04D400DC19CE /* Supporting Files */ = {
			isa = PBXGroup;
			children = (
				5553539A1A8D04D400DC19CE /* Info.plist */,
			);
			name = "Supporting Files";
			sourceTree = "<group>";
		};
		555353B21A8D04D400DC19CE /* gifmeTests */ = {
			isa = PBXGroup;
			children = (
				555353B51A8D04D400DC19CE /* gifmeTests.m */,
				555353B31A8D04D400DC19CE /* Supporting Files */,
			);
			path = gifmeTests;
			sourceTree = "<group>";
		};
		555353B31A8D04D400DC19CE /* Supporting Files */ = {
			isa = PBXGroup;
			children = (
				555353B41A8D04D400DC19CE /* Info.plist */,
			);
			name = "Supporting Files";
			sourceTree = "<group>";
		};
		555353BF1A8D067B00DC19CE /* Classes */ = {
			isa = PBXGroup;
			children = (
				555353C11A8D06A100DC19CE /* AppDelegate */,
				556F87F61A8D3B1000146FA9 /* External (Ignore me!) */,
				5557B3F71A8D1AD200DCBBBD /* Model */,
				5557B3F31A8D12D100DCBBBD /* Network */,
				556F87F21A8D36A500146FA9 /* Views */,
				555353C01A8D069100DC19CE /* View Controllers */,
			);
			name = Classes;
			sourceTree = "<group>";
		};
		555353C01A8D069100DC19CE /* View Controllers */ = {
			isa = PBXGroup;
			children = (
				40A4360A1E09AEF5003DFDC3 /* GifTableViewController.swift */,
				555353A31A8D04D400DC19CE /* Main.storyboard */,
			);
			name = "View Controllers";
			sourceTree = "<group>";
		};
		555353C11A8D06A100DC19CE /* AppDelegate */ = {
			isa = PBXGroup;
			children = (
				40A435CB1E088751003DFDC3 /* AppDelegate.swift */,
			);
			name = AppDelegate;
			sourceTree = "<group>";
		};
		5557B3F31A8D12D100DCBBBD /* Network */ = {
			isa = PBXGroup;
			children = (
				40A4360C1E09AF01003DFDC3 /* GiphyAPIClient.swift */,
			);
			name = Network;
			sourceTree = "<group>";
		};
		5557B3F71A8D1AD200DCBBBD /* Model */ = {
			isa = PBXGroup;
			children = (
				40A435C91E0884ED003DFDC3 /* GifParser.swift */,
			);
			name = Model;
			sourceTree = "<group>";
		};
		556F87F21A8D36A500146FA9 /* Views */ = {
			isa = PBXGroup;
			children = (
				40A435E61E098A9F003DFDC3 /* GifTableViewCell.swift */,
			);
			name = Views;
			sourceTree = "<group>";
		};
		556F87F61A8D3B1000146FA9 /* External (Ignore me!) */ = {
			isa = PBXGroup;
			children = (
				40A435F11E09A288003DFDC3 /* Gifu */,
			);
			name = "External (Ignore me!)";
			sourceTree = "<group>";
		};
/* End PBXGroup section */

/* Begin PBXNativeTarget section */
		555353951A8D04D400DC19CE /* gifme */ = {
			isa = PBXNativeTarget;
			buildConfigurationList = 555353B91A8D04D400DC19CE /* Build configuration list for PBXNativeTarget "gifme" */;
			buildPhases = (
				555353921A8D04D400DC19CE /* Sources */,
				555353931A8D04D400DC19CE /* Frameworks */,
				555353941A8D04D400DC19CE /* Resources */,
			);
			buildRules = (
			);
			dependencies = (
			);
			name = gifme;
			productName = gifme;
			productReference = 555353961A8D04D400DC19CE /* gifme.app */;
			productType = "com.apple.product-type.application";
		};
		555353AE1A8D04D400DC19CE /* gifmeTests */ = {
			isa = PBXNativeTarget;
			buildConfigurationList = 555353BC1A8D04D400DC19CE /* Build configuration list for PBXNativeTarget "gifmeTests" */;
			buildPhases = (
				555353AB1A8D04D400DC19CE /* Sources */,
				555353AC1A8D04D400DC19CE /* Frameworks */,
				555353AD1A8D04D400DC19CE /* Resources */,
			);
			buildRules = (
			);
			dependencies = (
				555353B11A8D04D400DC19CE /* PBXTargetDependency */,
			);
			name = gifmeTests;
			productName = gifmeTests;
			productReference = 555353AF1A8D04D400DC19CE /* gifmeTests.xctest */;
			productType = "com.apple.product-type.bundle.unit-test";
		};
/* End PBXNativeTarget section */

/* Begin PBXProject section */
		5553538E1A8D04D400DC19CE /* Project object */ = {
			isa = PBXProject;
			attributes = {
				LastUpgradeCheck = 0820;
				ORGANIZATIONNAME = "William Kalish";
				TargetAttributes = {
					555353951A8D04D400DC19CE = {
						CreatedOnToolsVersion = 6.1.1;
						DevelopmentTeam = RL292UUN9S;
						LastSwiftMigration = 0820;
					};
					555353AE1A8D04D400DC19CE = {
						CreatedOnToolsVersion = 6.1.1;
						TestTargetID = 555353951A8D04D400DC19CE;
					};
				};
			};
			buildConfigurationList = 555353911A8D04D400DC19CE /* Build configuration list for PBXProject "gifme" */;
			compatibilityVersion = "Xcode 3.2";
			developmentRegion = English;
			hasScannedForEncodings = 0;
			knownRegions = (
				en,
				Base,
			);
			mainGroup = 5553538D1A8D04D400DC19CE;
			productRefGroup = 555353971A8D04D400DC19CE /* Products */;
			projectDirPath = "";
			projectRoot = "";
			targets = (
				555353951A8D04D400DC19CE /* gifme */,
				555353AE1A8D04D400DC19CE /* gifmeTests */,
			);
		};
/* End PBXProject section */

/* Begin PBXResourcesBuildPhase section */
		555353941A8D04D400DC19CE /* Resources */ = {
			isa = PBXResourcesBuildPhase;
			buildActionMask = 2147483647;
			files = (
				555353A51A8D04D400DC19CE /* Main.storyboard in Resources */,
				555353AA1A8D04D400DC19CE /* LaunchScreen.xib in Resources */,
				555353A71A8D04D400DC19CE /* Images.xcassets in Resources */,
			);
			runOnlyForDeploymentPostprocessing = 0;
		};
		555353AD1A8D04D400DC19CE /* Resources */ = {
			isa = PBXResourcesBuildPhase;
			buildActionMask = 2147483647;
			files = (
			);
			runOnlyForDeploymentPostprocessing = 0;
		};
/* End PBXResourcesBuildPhase section */

/* Begin PBXSourcesBuildPhase section */
		555353921A8D04D400DC19CE /* Sources */ = {
			isa = PBXSourcesBuildPhase;
			buildActionMask = 2147483647;
			files = (
				40A4360D1E09AF01003DFDC3 /* GiphyAPIClient.swift in Sources */,
				40A436001E09A288003DFDC3 /* AnimatedFrame.swift in Sources */,
				40A436081E09A288003DFDC3 /* UIImageView.swift in Sources */,
				40A436061E09A288003DFDC3 /* CGSize.swift in Sources */,
				40A435CC1E088751003DFDC3 /* AppDelegate.swift in Sources */,
				40A436031E09A288003DFDC3 /* GIFAnimatable.swift in Sources */,
				40A435E71E098A9F003DFDC3 /* GifTableViewCell.swift in Sources */,
				40A436021E09A288003DFDC3 /* FrameStore.swift in Sources */,
				40A436011E09A288003DFDC3 /* Animator.swift in Sources */,
				40A436091E09A288003DFDC3 /* ImageSourceHelpers.swift in Sources */,
				40A436051E09A288003DFDC3 /* Array.swift in Sources */,
				40A435CA1E0884ED003DFDC3 /* GifParser.swift in Sources */,
				40A436041E09A288003DFDC3 /* GIFImageView.swift in Sources */,
				40A4360B1E09AEF5003DFDC3 /* GifTableViewController.swift in Sources */,
				40A436071E09A288003DFDC3 /* UIImage.swift in Sources */,
			);
			runOnlyForDeploymentPostprocessing = 0;
		};
		555353AB1A8D04D400DC19CE /* Sources */ = {
			isa = PBXSourcesBuildPhase;
			buildActionMask = 2147483647;
			files = (
				555353B61A8D04D400DC19CE /* gifmeTests.m in Sources */,
			);
			runOnlyForDeploymentPostprocessing = 0;
		};
/* End PBXSourcesBuildPhase section */

/* Begin PBXTargetDependency section */
		555353B11A8D04D400DC19CE /* PBXTargetDependency */ = {
			isa = PBXTargetDependency;
			target = 555353951A8D04D400DC19CE /* gifme */;
			targetProxy = 555353B01A8D04D400DC19CE /* PBXContainerItemProxy */;
		};
/* End PBXTargetDependency section */

/* Begin PBXVariantGroup section */
		555353A31A8D04D400DC19CE /* Main.storyboard */ = {
			isa = PBXVariantGroup;
			children = (
				555353A41A8D04D400DC19CE /* Base */,
			);
			name = Main.storyboard;
			sourceTree = "<group>";
		};
		555353A81A8D04D400DC19CE /* LaunchScreen.xib */ = {
			isa = PBXVariantGroup;
			children = (
				555353A91A8D04D400DC19CE /* Base */,
			);
			name = LaunchScreen.xib;
			sourceTree = "<group>";
		};
/* End PBXVariantGroup section */

/* Begin XCBuildConfiguration section */
		555353B71A8D04D400DC19CE /* Debug */ = {
			isa = XCBuildConfiguration;
			buildSettings = {
				ALWAYS_EMBED_SWIFT_STANDARD_LIBRARIES = YES;
				ALWAYS_SEARCH_USER_PATHS = NO;
				CLANG_CXX_LANGUAGE_STANDARD = "gnu++0x";
				CLANG_CXX_LIBRARY = "libc++";
				CLANG_ENABLE_MODULES = YES;
				CLANG_ENABLE_OBJC_ARC = YES;
				CLANG_WARN_BOOL_CONVERSION = YES;
				CLANG_WARN_CONSTANT_CONVERSION = YES;
				CLANG_WARN_DIRECT_OBJC_ISA_USAGE = YES_ERROR;
				CLANG_WARN_EMPTY_BODY = YES;
				CLANG_WARN_ENUM_CONVERSION = YES;
				CLANG_WARN_INFINITE_RECURSION = YES;
				CLANG_WARN_INT_CONVERSION = YES;
				CLANG_WARN_OBJC_ROOT_CLASS = YES_ERROR;
				CLANG_WARN_SUSPICIOUS_MOVE = YES;
				CLANG_WARN_UNREACHABLE_CODE = YES;
				CLANG_WARN__DUPLICATE_METHOD_MATCH = YES;
				"CODE_SIGN_IDENTITY[sdk=iphoneos*]" = "iPhone Developer";
				COPY_PHASE_STRIP = NO;
				ENABLE_STRICT_OBJC_MSGSEND = YES;
				ENABLE_TESTABILITY = YES;
				GCC_C_LANGUAGE_STANDARD = gnu99;
				GCC_DYNAMIC_NO_PIC = NO;
				GCC_NO_COMMON_BLOCKS = YES;
				GCC_OPTIMIZATION_LEVEL = 0;
				GCC_PREPROCESSOR_DEFINITIONS = (
					"DEBUG=1",
					"$(inherited)",
				);
				GCC_SYMBOLS_PRIVATE_EXTERN = NO;
				GCC_WARN_64_TO_32_BIT_CONVERSION = YES;
				GCC_WARN_ABOUT_RETURN_TYPE = YES_ERROR;
				GCC_WARN_UNDECLARED_SELECTOR = YES;
				GCC_WARN_UNINITIALIZED_AUTOS = YES_AGGRESSIVE;
				GCC_WARN_UNUSED_FUNCTION = YES;
				GCC_WARN_UNUSED_VARIABLE = YES;
				IPHONEOS_DEPLOYMENT_TARGET = 10.2;
				MTL_ENABLE_DEBUG_INFO = YES;
				ONLY_ACTIVE_ARCH = YES;
				SDKROOT = iphoneos;
				SWIFT_VERSION = 3.0;
				TARGETED_DEVICE_FAMILY = "1,2";
			};
			name = Debug;
		};
		555353B81A8D04D400DC19CE /* Release */ = {
			isa = XCBuildConfiguration;
			buildSettings = {
				ALWAYS_EMBED_SWIFT_STANDARD_LIBRARIES = YES;
				ALWAYS_SEARCH_USER_PATHS = NO;
				CLANG_CXX_LANGUAGE_STANDARD = "gnu++0x";
				CLANG_CXX_LIBRARY = "libc++";
				CLANG_ENABLE_MODULES = YES;
				CLANG_ENABLE_OBJC_ARC = YES;
				CLANG_WARN_BOOL_CONVERSION = YES;
				CLANG_WARN_CONSTANT_CONVERSION = YES;
				CLANG_WARN_DIRECT_OBJC_ISA_USAGE = YES_ERROR;
				CLANG_WARN_EMPTY_BODY = YES;
				CLANG_WARN_ENUM_CONVERSION = YES;
				CLANG_WARN_INFINITE_RECURSION = YES;
				CLANG_WARN_INT_CONVERSION = YES;
				CLANG_WARN_OBJC_ROOT_CLASS = YES_ERROR;
				CLANG_WARN_SUSPICIOUS_MOVE = YES;
				CLANG_WARN_UNREACHABLE_CODE = YES;
				CLANG_WARN__DUPLICATE_METHOD_MATCH = YES;
				"CODE_SIGN_IDENTITY[sdk=iphoneos*]" = "iPhone Developer";
				COPY_PHASE_STRIP = YES;
				ENABLE_NS_ASSERTIONS = NO;
				ENABLE_STRICT_OBJC_MSGSEND = YES;
				GCC_C_LANGUAGE_STANDARD = gnu99;
				GCC_NO_COMMON_BLOCKS = YES;
				GCC_WARN_64_TO_32_BIT_CONVERSION = YES;
				GCC_WARN_ABOUT_RETURN_TYPE = YES_ERROR;
				GCC_WARN_UNDECLARED_SELECTOR = YES;
				GCC_WARN_UNINITIALIZED_AUTOS = YES_AGGRESSIVE;
				GCC_WARN_UNUSED_FUNCTION = YES;
				GCC_WARN_UNUSED_VARIABLE = YES;
				IPHONEOS_DEPLOYMENT_TARGET = 10.2;
				MTL_ENABLE_DEBUG_INFO = NO;
				SDKROOT = iphoneos;
				SWIFT_OPTIMIZATION_LEVEL = "-Owholemodule";
				SWIFT_VERSION = 3.0;
				TARGETED_DEVICE_FAMILY = "1,2";
				VALIDATE_PRODUCT = YES;
			};
			name = Release;
		};
		555353BA1A8D04D400DC19CE /* Debug */ = {
			isa = XCBuildConfiguration;
			buildSettings = {
				ASSETCATALOG_COMPILER_APPICON_NAME = AppIcon;
				CLANG_ENABLE_MODULES = YES;
				DEVELOPMENT_TEAM = RL292UUN9S;
				INFOPLIST_FILE = gifme/Info.plist;
				LD_RUNPATH_SEARCH_PATHS = "$(inherited) @executable_path/Frameworks";
				PRODUCT_BUNDLE_IDENTIFIER = com.buzzfeed.gifme;
				PRODUCT_NAME = "$(TARGET_NAME)";
				SWIFT_OPTIMIZATION_LEVEL = "-Onone";
				SWIFT_VERSION = 3.0;
			};
			name = Debug;
		};
		555353BB1A8D04D400DC19CE /* Release */ = {
			isa = XCBuildConfiguration;
			buildSettings = {
				ASSETCATALOG_COMPILER_APPICON_NAME = AppIcon;
				CLANG_ENABLE_MODULES = YES;
				DEVELOPMENT_TEAM = RL292UUN9S;
				INFOPLIST_FILE = gifme/Info.plist;
				LD_RUNPATH_SEARCH_PATHS = "$(inherited) @executable_path/Frameworks";
				PRODUCT_BUNDLE_IDENTIFIER = com.buzzfeed.gifme;
				PRODUCT_NAME = "$(TARGET_NAME)";
				SWIFT_VERSION = 3.0;
			};
			name = Release;
		};
		555353BD1A8D04D400DC19CE /* Debug */ = {
			isa = XCBuildConfiguration;
			buildSettings = {
				ALWAYS_EMBED_SWIFT_STANDARD_LIBRARIES = YES;
				BUNDLE_LOADER = "$(TEST_HOST)";
				FRAMEWORK_SEARCH_PATHS = (
					"$(SDKROOT)/Developer/Library/Frameworks",
					"$(inherited)",
				);
				GCC_PREPROCESSOR_DEFINITIONS = (
					"DEBUG=1",
					"$(inherited)",
				);
				INFOPLIST_FILE = gifmeTests/Info.plist;
				LD_RUNPATH_SEARCH_PATHS = "$(inherited) @executable_path/Frameworks @loader_path/Frameworks";
				PRODUCT_BUNDLE_IDENTIFIER = "kalish.will.$(PRODUCT_NAME:rfc1034identifier)";
				PRODUCT_NAME = "$(TARGET_NAME)";
				TEST_HOST = "$(BUILT_PRODUCTS_DIR)/gifme.app/gifme";
			};
			name = Debug;
		};
		555353BE1A8D04D400DC19CE /* Release */ = {
			isa = XCBuildConfiguration;
			buildSettings = {
				ALWAYS_EMBED_SWIFT_STANDARD_LIBRARIES = YES;
				BUNDLE_LOADER = "$(TEST_HOST)";
				FRAMEWORK_SEARCH_PATHS = (
					"$(SDKROOT)/Developer/Library/Frameworks",
					"$(inherited)",
				);
				INFOPLIST_FILE = gifmeTests/Info.plist;
				LD_RUNPATH_SEARCH_PATHS = "$(inherited) @executable_path/Frameworks @loader_path/Frameworks";
				PRODUCT_BUNDLE_IDENTIFIER = "kalish.will.$(PRODUCT_NAME:rfc1034identifier)";
				PRODUCT_NAME = "$(TARGET_NAME)";
				TEST_HOST = "$(BUILT_PRODUCTS_DIR)/gifme.app/gifme";
			};
			name = Release;
		};
/* End XCBuildConfiguration section */

/* Begin XCConfigurationList section */
		555353911A8D04D400DC19CE /* Build configuration list for PBXProject "gifme" */ = {
			isa = XCConfigurationList;
			buildConfigurations = (
				555353B71A8D04D400DC19CE /* Debug */,
				555353B81A8D04D400DC19CE /* Release */,
			);
			defaultConfigurationIsVisible = 0;
			defaultConfigurationName = Release;
		};
		555353B91A8D04D400DC19CE /* Build configuration list for PBXNativeTarget "gifme" */ = {
			isa = XCConfigurationList;
			buildConfigurations = (
				555353BA1A8D04D400DC19CE /* Debug */,
				555353BB1A8D04D400DC19CE /* Release */,
			);
			defaultConfigurationIsVisible = 0;
			defaultConfigurationName = Release;
		};
		555353BC1A8D04D400DC19CE /* Build configuration list for PBXNativeTarget "gifmeTests" */ = {
			isa = XCConfigurationList;
			buildConfigurations = (
				555353BD1A8D04D400DC19CE /* Debug */,
				555353BE1A8D04D400DC19CE /* Release */,
			);
			defaultConfigurationIsVisible = 0;
			defaultConfigurationName = Release;
		};
/* End XCConfigurationList section */
	};
	rootObject = 5553538E1A8D04D400DC19CE /* Project object */;
}
